
Microsoft Visual Studio Solution File, Format Version 12.00
# Visual Studio Version 17
VisualStudioVersion = 17.11.35312.102
MinimumVisualStudioVersion = 10.0.40219.1
Project("{9A19103F-16F7-4668-BE54-9A1E7A4F7556}") = "SeuManoelStore", "SeuManoelStore\SeuManoelStore.csproj", "{E12B6262-27D7-4AAA-922C-4EA6C7A1E9BB}"
EndProject
Project("{9A19103F-16F7-4668-BE54-9A1E7A4F7556}") = "SeuManoelStore.Core", "SeuManoelStore.Core\SeuManoelStore.Core.csproj", "{A6006E53-A745-4AE2-9222-7D375B949C36}"
EndProject
Project("{9A19103F-16F7-4668-BE54-9A1E7A4F7556}") = "SeuManoelStore.Domain", "SeuManoelStore.Domain\SeuManoelStore.Domain.csproj", "{2D203D2D-F2E9-4DE2-A275-26E004330438}"
EndProject
Project("{FAE04EC0-301F-11D3-BF4B-00C04F79EFBC}") = "SeuManoelStore.Tests", "SeuManoelStore.Tests\SeuManoelStore.Tests.csproj", "{8837481D-E0AC-49CE-BD22-FD51974924B4}"
EndProject
Global
	GlobalSection(SolutionConfigurationPlatforms) = preSolution
		Debug|Any CPU = Debug|Any CPU
		Release|Any CPU = Release|Any CPU
	EndGlobalSection
	GlobalSection(ProjectConfigurationPlatforms) = postSolution
		{E12B6262-27D7-4AAA-922C-4EA6C7A1E9BB}.Debug|Any CPU.ActiveCfg = Debug|Any CPU
		{E12B6262-27D7-4AAA-922C-4EA6C7A1E9BB}.Debug|Any CPU.Build.0 = Debug|Any CPU
		{E12B6262-27D7-4AAA-922C-4EA6C7A1E9BB}.Release|Any CPU.ActiveCfg = Release|Any CPU
		{E12B6262-27D7-4AAA-922C-4EA6C7A1E9BB}.Release|Any CPU.Build.0 = Release|Any CPU
		{A6006E53-A745-4AE2-9222-7D375B949C36}.Debug|Any CPU.ActiveCfg = Debug|Any CPU
		{A6006E53-A745-4AE2-9222-7D375B949C36}.Debug|Any CPU.Build.0 = Debug|Any CPU
		{A6006E53-A745-4AE2-9222-7D375B949C36}.Release|Any CPU.ActiveCfg = Release|Any CPU
		{A6006E53-A745-4AE2-9222-7D375B949C36}.Release|Any CPU.Build.0 = Release|Any CPU
		{2D203D2D-F2E9-4DE2-A275-26E004330438}.Debug|Any CPU.ActiveCfg = Debug|Any CPU
		{2D203D2D-F2E9-4DE2-A275-26E004330438}.Debug|Any CPU.Build.0 = Debug|Any CPU
		{2D203D2D-F2E9-4DE2-A275-26E004330438}.Release|Any CPU.ActiveCfg = Release|Any CPU
		{2D203D2D-F2E9-4DE2-A275-26E004330438}.Release|Any CPU.Build.0 = Release|Any CPU
		{8837481D-E0AC-49CE-BD22-FD51974924B4}.Debug|Any CPU.ActiveCfg = Debug|Any CPU
		{8837481D-E0AC-49CE-BD22-FD51974924B4}.Debug|Any CPU.Build.0 = Debug|Any CPU
		{8837481D-E0AC-49CE-BD22-FD51974924B4}.Release|Any CPU.ActiveCfg = Release|Any CPU
		{8837481D-E0AC-49CE-BD22-FD51974924B4}.Release|Any CPU.Build.0 = Release|Any CPU
	EndGlobalSection
	GlobalSection(SolutionProperties) = preSolution
		HideSolutionNode = FALSE
	EndGlobalSection
	GlobalSection(ExtensibilityGlobals) = postSolution
		SolutionGuid = {CB20A7D0-04E9-4567-9410-E979E5194BD7}
	EndGlobalSection
EndGlobal
